
Microsoft Visual Studio Solution File, Format Version 12.00
# Visual Studio Version 17
VisualStudioVersion = 17.4.33403.182
MinimumVisualStudioVersion = 10.0.40219.1
Project("{FAE04EC0-301F-11D3-BF4B-00C04F79EFBC}") = "revise14", "revise14\revise14.csproj", "{93E8A274-2C03-46F3-94F7-F674B951E274}"
EndProject
Project("{FAE04EC0-301F-11D3-BF4B-00C04F79EFBC}") = "revise15", "revise15\revise15.csproj", "{59D7AA39-EC55-483E-8116-52436074AE7B}"
EndProject
Project("{FAE04EC0-301F-11D3-BF4B-00C04F79EFBC}") = "ConsoleApp1", "ConsoleApp1\ConsoleApp1.csproj", "{95798F59-5F6A-4D8D-B7E9-96ADD3565E39}"
EndProject
Global
	GlobalSection(SolutionConfigurationPlatforms) = preSolution
		Debug|Any CPU = Debug|Any CPU
		Release|Any CPU = Release|Any CPU
	EndGlobalSection
	GlobalSection(ProjectConfigurationPlatforms) = postSolution
		{93E8A274-2C03-46F3-94F7-F674B951E274}.Debug|Any CPU.ActiveCfg = Debug|Any CPU
		{93E8A274-2C03-46F3-94F7-F674B951E274}.Debug|Any CPU.Build.0 = Debug|Any CPU
		{93E8A274-2C03-46F3-94F7-F674B951E274}.Release|Any CPU.ActiveCfg = Release|Any CPU
		{93E8A274-2C03-46F3-94F7-F674B951E274}.Release|Any CPU.Build.0 = Release|Any CPU
		{59D7AA39-EC55-483E-8116-52436074AE7B}.Debug|Any CPU.ActiveCfg = Debug|Any CPU
		{59D7AA39-EC55-483E-8116-52436074AE7B}.Debug|Any CPU.Build.0 = Debug|Any CPU
		{59D7AA39-EC55-483E-8116-52436074AE7B}.Release|Any CPU.ActiveCfg = Release|Any CPU
		{59D7AA39-EC55-483E-8116-52436074AE7B}.Release|Any CPU.Build.0 = Release|Any CPU
		{95798F59-5F6A-4D8D-B7E9-96ADD3565E39}.Debug|Any CPU.ActiveCfg = Debug|Any CPU
		{95798F59-5F6A-4D8D-B7E9-96ADD3565E39}.Debug|Any CPU.Build.0 = Debug|Any CPU
		{95798F59-5F6A-4D8D-B7E9-96ADD3565E39}.Release|Any CPU.ActiveCfg = Release|Any CPU
		{95798F59-5F6A-4D8D-B7E9-96ADD3565E39}.Release|Any CPU.Build.0 = Release|Any CPU
	EndGlobalSection
	GlobalSection(SolutionProperties) = preSolution
		HideSolutionNode = FALSE
	EndGlobalSection
	GlobalSection(ExtensibilityGlobals) = postSolution
		SolutionGuid = {F75A3C86-8CDA-41A2-9F92-D2ACA2420FF0}
	EndGlobalSection
EndGlobal
